// !$*UTF8*$!
{
	archiveVersion = 1;
	classes = {
	};
	objectVersion = 46;
	objects = {

/* Begin PBXBuildFile section */
		A0CBBEF91DC1B6890068BB33 /* AppDelegate.swift in Sources */ = {isa = PBXBuildFile; fileRef = A0CBBEF81DC1B6890068BB33 /* AppDelegate.swift */; };
		A0CBBEFE1DC1B6890068BB33 /* Main.storyboard in Resources */ = {isa = PBXBuildFile; fileRef = A0CBBEFC1DC1B6890068BB33 /* Main.storyboard */; };
		A0CBBF001DC1B6890068BB33 /* Assets.xcassets in Resources */ = {isa = PBXBuildFile; fileRef = A0CBBEFF1DC1B6890068BB33 /* Assets.xcassets */; };
		A0CBBF031DC1B6890068BB33 /* LaunchScreen.storyboard in Resources */ = {isa = PBXBuildFile; fileRef = A0CBBF011DC1B6890068BB33 /* LaunchScreen.storyboard */; };
		A0CBBF0B1DC1B8E30068BB33 /* PhotosViewController.swift in Sources */ = {isa = PBXBuildFile; fileRef = A0CBBF0A1DC1B8E30068BB33 /* PhotosViewController.swift */; };
		A0CBBF0F1DC1CBAE0068BB33 /* FlickrAPI.swift in Sources */ = {isa = PBXBuildFile; fileRef = A0CBBF0E1DC1CBAE0068BB33 /* FlickrAPI.swift */; };
		A0CBBF111DC1D9200068BB33 /* PhotoStore.swift in Sources */ = {isa = PBXBuildFile; fileRef = A0CBBF101DC1D9200068BB33 /* PhotoStore.swift */; };
		A0CBBF131DC1F4C10068BB33 /* Photo.swift in Sources */ = {isa = PBXBuildFile; fileRef = A0CBBF121DC1F4C10068BB33 /* Photo.swift */; };
/* End PBXBuildFile section */

/* Begin PBXFileReference section */
		A0CBBEF51DC1B6890068BB33 /* Photorama.app */ = {isa = PBXFileReference; explicitFileType = wrapper.application; includeInIndex = 0; path = Photorama.app; sourceTree = BUILT_PRODUCTS_DIR; };
		A0CBBEF81DC1B6890068BB33 /* AppDelegate.swift */ = {isa = PBXFileReference; lastKnownFileType = sourcecode.swift; path = AppDelegate.swift; sourceTree = "<group>"; };
		A0CBBEFD1DC1B6890068BB33 /* Base */ = {isa = PBXFileReference; lastKnownFileType = file.storyboard; name = Base; path = Base.lproj/Main.storyboard; sourceTree = "<group>"; };
		A0CBBEFF1DC1B6890068BB33 /* Assets.xcassets */ = {isa = PBXFileReference; lastKnownFileType = folder.assetcatalog; path = Assets.xcassets; sourceTree = "<group>"; };
		A0CBBF021DC1B6890068BB33 /* Base */ = {isa = PBXFileReference; lastKnownFileType = file.storyboard; name = Base; path = Base.lproj/LaunchScreen.storyboard; sourceTree = "<group>"; };
		A0CBBF041DC1B6890068BB33 /* Info.plist */ = {isa = PBXFileReference; lastKnownFileType = text.plist.xml; path = Info.plist; sourceTree = "<group>"; };
		A0CBBF0A1DC1B8E30068BB33 /* PhotosViewController.swift */ = {isa = PBXFileReference; fileEncoding = 4; lastKnownFileType = sourcecode.swift; path = PhotosViewController.swift; sourceTree = "<group>"; };
		A0CBBF0E1DC1CBAE0068BB33 /* FlickrAPI.swift */ = {isa = PBXFileReference; fileEncoding = 4; lastKnownFileType = sourcecode.swift; path = FlickrAPI.swift; sourceTree = "<group>"; };
		A0CBBF101DC1D9200068BB33 /* PhotoStore.swift */ = {isa = PBXFileReference; fileEncoding = 4; lastKnownFileType = sourcecode.swift; path = PhotoStore.swift; sourceTree = "<group>"; };
		A0CBBF121DC1F4C10068BB33 /* Photo.swift */ = {isa = PBXFileReference; fileEncoding = 4; lastKnownFileType = sourcecode.swift; path = Photo.swift; sourceTree = "<group>"; };
/* End PBXFileReference section */

/* Begin PBXFrameworksBuildPhase section */
		A0CBBEF21DC1B6890068BB33 /* Frameworks */ = {
			isa = PBXFrameworksBuildPhase;
			buildActionMask = 2147483647;
			files = (
			);
			runOnlyForDeploymentPostprocessing = 0;
		};
/* End PBXFrameworksBuildPhase section */

/* Begin PBXGroup section */
		A0CBBEEC1DC1B6890068BB33 = {
			isa = PBXGroup;
			children = (
				A0CBBEF71DC1B6890068BB33 /* Photorama */,
				A0CBBEF61DC1B6890068BB33 /* Products */,
			);
			sourceTree = "<group>";
		};
		A0CBBEF61DC1B6890068BB33 /* Products */ = {
			isa = PBXGroup;
			children = (
				A0CBBEF51DC1B6890068BB33 /* Photorama.app */,
			);
			name = Products;
			sourceTree = "<group>";
		};
		A0CBBEF71DC1B6890068BB33 /* Photorama */ = {
			isa = PBXGroup;
			children = (
				A0CBBEF81DC1B6890068BB33 /* AppDelegate.swift */,
				A0CBBEFC1DC1B6890068BB33 /* Main.storyboard */,
				A0CBBEFF1DC1B6890068BB33 /* Assets.xcassets */,
				A0CBBF011DC1B6890068BB33 /* LaunchScreen.storyboard */,
				A0CBBF041DC1B6890068BB33 /* Info.plist */,
				A0CBBF0A1DC1B8E30068BB33 /* PhotosViewController.swift */,
				A0CBBF0E1DC1CBAE0068BB33 /* FlickrAPI.swift */,
				A0CBBF101DC1D9200068BB33 /* PhotoStore.swift */,
				A0CBBF121DC1F4C10068BB33 /* Photo.swift */,
			);
			path = Photorama;
			sourceTree = "<group>";
		};
/* End PBXGroup section */

/* Begin PBXNativeTarget section */
		A0CBBEF41DC1B6890068BB33 /* Photorama */ = {
			isa = PBXNativeTarget;
			buildConfigurationList = A0CBBF071DC1B6890068BB33 /* Build configuration list for PBXNativeTarget "Photorama" */;
			buildPhases = (
				A0CBBEF11DC1B6890068BB33 /* Sources */,
				A0CBBEF21DC1B6890068BB33 /* Frameworks */,
				A0CBBEF31DC1B6890068BB33 /* Resources */,
			);
			buildRules = (
			);
			dependencies = (
			);
			name = Photorama;
			productName = Photorama;
			productReference = A0CBBEF51DC1B6890068BB33 /* Photorama.app */;
			productType = "com.apple.product-type.application";
		};
/* End PBXNativeTarget section */

/* Begin PBXProject section */
		A0CBBEED1DC1B6890068BB33 /* Project object */ = {
			isa = PBXProject;
			attributes = {
				LastSwiftUpdateCheck = 0800;
				LastUpgradeCheck = 0800;
				ORGANIZATIONNAME = helloyako;
				TargetAttributes = {
					A0CBBEF41DC1B6890068BB33 = {
						CreatedOnToolsVersion = 8.0;
						ProvisioningStyle = Automatic;
					};
				};
			};
			buildConfigurationList = A0CBBEF01DC1B6890068BB33 /* Build configuration list for PBXProject "Photorama" */;
			compatibilityVersion = "Xcode 3.2";
			developmentRegion = English;
			hasScannedForEncodings = 0;
			knownRegions = (
				en,
				Base,
			);
			mainGroup = A0CBBEEC1DC1B6890068BB33;
			productRefGroup = A0CBBEF61DC1B6890068BB33 /* Products */;
			projectDirPath = "";
			projectRoot = "";
			targets = (
				A0CBBEF41DC1B6890068BB33 /* Photorama */,
			);
		};
/* End PBXProject section */

/* Begin PBXResourcesBuildPhase section */
		A0CBBEF31DC1B6890068BB33 /* Resources */ = {
			isa = PBXResourcesBuildPhase;
			buildActionMask = 2147483647;
			files = (
				A0CBBF031DC1B6890068BB33 /* LaunchScreen.storyboard in Resources */,
				A0CBBF001DC1B6890068BB33 /* Assets.xcassets in Resources */,
				A0CBBEFE1DC1B6890068BB33 /* Main.storyboard in Resources */,
			);
			runOnlyForDeploymentPostprocessing = 0;
		};
/* End PBXResourcesBuildPhase section */

/* Begin PBXSourcesBuildPhase section */
		A0CBBEF11DC1B6890068BB33 /* Sources */ = {
			isa = PBXSourcesBuildPhase;
			buildActionMask = 2147483647;
			files = (
				A0CBBF0F1DC1CBAE0068BB33 /* FlickrAPI.swift in Sources */,
				A0CBBF0B1DC1B8E30068BB33 /* PhotosViewController.swift in Sources */,
				A0CBBF111DC1D9200068BB33 /* PhotoStore.swift in Sources */,
				A0CBBEF91DC1B6890068BB33 /* AppDelegate.swift in Sources */,
				A0CBBF131DC1F4C10068BB33 /* Photo.swift in Sources */,
			);
			runOnlyForDeploymentPostprocessing = 0;
		};
/* End PBXSourcesBuildPhase section */

/* Begin PBXVariantGroup section */
		A0CBBEFC1DC1B6890068BB33 /* Main.storyboard */ = {
			isa = PBXVariantGroup;
			children = (
				A0CBBEFD1DC1B6890068BB33 /* Base */,
			);
			name = Main.storyboard;
			sourceTree = "<group>";
		};
		A0CBBF011DC1B6890068BB33 /* LaunchScreen.storyboard */ = {
			isa = PBXVariantGroup;
			children = (
				A0CBBF021DC1B6890068BB33 /* Base */,
			);
			name = LaunchScreen.storyboard;
			sourceTree = "<group>";
		};
/* End PBXVariantGroup section */

/* Begin XCBuildConfiguration section */
		A0CBBF051DC1B6890068BB33 /* Debug */ = {
			isa = XCBuildConfiguration;
			buildSettings = {
				ALWAYS_SEARCH_USER_PATHS = NO;
				CLANG_ANALYZER_NONNULL = YES;
				CLANG_CXX_LANGUAGE_STANDARD = "gnu++0x";
				CLANG_CXX_LIBRARY = "libc++";
				CLANG_ENABLE_MODULES = YES;
				CLANG_ENABLE_OBJC_ARC = YES;
				CLANG_WARN_BOOL_CONVERSION = YES;
				CLANG_WARN_CONSTANT_CONVERSION = YES;
				CLANG_WARN_DIRECT_OBJC_ISA_USAGE = YES_ERROR;
				CLANG_WARN_DOCUMENTATION_COMMENTS = YES;
				CLANG_WARN_EMPTY_BODY = YES;
				CLANG_WARN_ENUM_CONVERSION = YES;
				CLANG_WARN_INFINITE_RECURSION = YES;
				CLANG_WARN_INT_CONVERSION = YES;
				CLANG_WARN_OBJC_ROOT_CLASS = YES_ERROR;
				CLANG_WARN_SUSPICIOUS_MOVES = YES;
				CLANG_WARN_UNREACHABLE_CODE = YES;
				CLANG_WARN__DUPLICATE_METHOD_MATCH = YES;
				"CODE_SIGN_IDENTITY[sdk=iphoneos*]" = "iPhone Developer";
				COPY_PHASE_STRIP = NO;
				DEBUG_INFORMATION_FORMAT = dwarf;
				ENABLE_STRICT_OBJC_MSGSEND = YES;
				ENABLE_TESTABILITY = YES;
				GCC_C_LANGUAGE_STANDARD = gnu99;
				GCC_DYNAMIC_NO_PIC = NO;
				GCC_NO_COMMON_BLOCKS = YES;
				GCC_OPTIMIZATION_LEVEL = 0;
				GCC_PREPROCESSOR_DEFINITIONS = (
					"DEBUG=1",
					"$(inherited)",
				);
				GCC_WARN_64_TO_32_BIT_CONVERSION = YES;
				GCC_WARN_ABOUT_RETURN_TYPE = YES_ERROR;
				GCC_WARN_UNDECLARED_SELECTOR = YES;
				GCC_WARN_UNINITIALIZED_AUTOS = YES_AGGRESSIVE;
				GCC_WARN_UNUSED_FUNCTION = YES;
				GCC_WARN_UNUSED_VARIABLE = YES;
				IPHONEOS_DEPLOYMENT_TARGET = 10.0;
				MTL_ENABLE_DEBUG_INFO = YES;
				ONLY_ACTIVE_ARCH = YES;
				SDKROOT = iphoneos;
				SWIFT_ACTIVE_COMPILATION_CONDITIONS = DEBUG;
				SWIFT_OPTIMIZATION_LEVEL = "-Onone";
				TARGETED_DEVICE_FAMILY = "1,2";
			};
			name = Debug;
		};
		A0CBBF061DC1B6890068BB33 /* Release */ = {
			isa = XCBuildConfiguration;
			buildSettings = {
				ALWAYS_SEARCH_USER_PATHS = NO;
				CLANG_ANALYZER_NONNULL = YES;
				CLANG_CXX_LANGUAGE_STANDARD = "gnu++0x";
				CLANG_CXX_LIBRARY = "libc++";
				CLANG_ENABLE_MODULES = YES;
				CLANG_ENABLE_OBJC_ARC = YES;
				CLANG_WARN_BOOL_CONVERSION = YES;
				CLANG_WARN_CONSTANT_CONVERSION = YES;
				CLANG_WARN_DIRECT_OBJC_ISA_USAGE = YES_ERROR;
				CLANG_WARN_DOCUMENTATION_COMMENTS = YES;
				CLANG_WARN_EMPTY_BODY = YES;
				CLANG_WARN_ENUM_CONVERSION = YES;
				CLANG_WARN_INFINITE_RECURSION = YES;
				CLANG_WARN_INT_CONVERSION = YES;
				CLANG_WARN_OBJC_ROOT_CLASS = YES_ERROR;
				CLANG_WARN_SUSPICIOUS_MOVES = YES;
				CLANG_WARN_UNREACHABLE_CODE = YES;
				CLANG_WARN__DUPLICATE_METHOD_MATCH = YES;
				"CODE_SIGN_IDENTITY[sdk=iphoneos*]" = "iPhone Developer";
				COPY_PHASE_STRIP = NO;
				DEBUG_INFORMATION_FORMAT = "dwarf-with-dsym";
				ENABLE_NS_ASSERTIONS = NO;
				ENABLE_STRICT_OBJC_MSGSEND = YES;
				GCC_C_LANGUAGE_STANDARD = gnu99;
				GCC_NO_COMMON_BLOCKS = YES;
				GCC_WARN_64_TO_32_BIT_CONVERSION = YES;
				GCC_WARN_ABOUT_RETURN_TYPE = YES_ERROR;
				GCC_WARN_UNDECLARED_SELECTOR = YES;
				GCC_WARN_UNINITIALIZED_AUTOS = YES_AGGRESSIVE;
				GCC_WARN_UNUSED_FUNCTION = YES;
				GCC_WARN_UNUSED_VARIABLE = YES;
				IPHONEOS_DEPLOYMENT_TARGET = 10.0;
				MTL_ENABLE_DEBUG_INFO = NO;
				SDKROOT = iphoneos;
				SWIFT_OPTIMIZATION_LEVEL = "-Owholemodule";
				TARGETED_DEVICE_FAMILY = "1,2";
				VALIDATE_PRODUCT = YES;
			};
			name = Release;
		};
		A0CBBF081DC1B6890068BB33 /* Debug */ = {
			isa = XCBuildConfiguration;
			buildSettings = {
				ASSETCATALOG_COMPILER_APPICON_NAME = AppIcon;
				INFOPLIST_FILE = Photorama/Info.plist;
				LD_RUNPATH_SEARCH_PATHS = "$(inherited) @executable_path/Frameworks";
				PRODUCT_BUNDLE_IDENTIFIER = com.helloyako.Photorama;
				PRODUCT_NAME = "$(TARGET_NAME)";
				SWIFT_VERSION = 3.0;
			};
			name = Debug;
		};
		A0CBBF091DC1B6890068BB33 /* Release */ = {
			isa = XCBuildConfiguration;
			buildSettings = {
				ASSETCATALOG_COMPILER_APPICON_NAME = AppIcon;
				INFOPLIST_FILE = Photorama/Info.plist;
				LD_RUNPATH_SEARCH_PATHS = "$(inherited) @executable_path/Frameworks";
				PRODUCT_BUNDLE_IDENTIFIER = com.helloyako.Photorama;
				PRODUCT_NAME = "$(TARGET_NAME)";
				SWIFT_VERSION = 3.0;
			};
			name = Release;
		};
/* End XCBuildConfiguration section */

/* Begin XCConfigurationList section */
		A0CBBEF01DC1B6890068BB33 /* Build configuration list for PBXProject "Photorama" */ = {
			isa = XCConfigurationList;
			buildConfigurations = (
				A0CBBF051DC1B6890068BB33 /* Debug */,
				A0CBBF061DC1B6890068BB33 /* Release */,
			);
			defaultConfigurationIsVisible = 0;
			defaultConfigurationName = Release;
		};
		A0CBBF071DC1B6890068BB33 /* Build configuration list for PBXNativeTarget "Photorama" */ = {
			isa = XCConfigurationList;
			buildConfigurations = (
				A0CBBF081DC1B6890068BB33 /* Debug */,
				A0CBBF091DC1B6890068BB33 /* Release */,
			);
			defaultConfigurationIsVisible = 0;
		};
/* End XCConfigurationList section */
	};
	rootObject = A0CBBEED1DC1B6890068BB33 /* Project object */;
}
